
Microsoft Visual Studio Solution File, Format Version 12.00
# Visual Studio Version 16
VisualStudioVersion = 16.0.29806.167
MinimumVisualStudioVersion = 10.0.40219.1
Project("{FAE04EC0-301F-11D3-BF4B-00C04F79EFBC}") = "RegistroSQLLITE", "RegistroSQLLITE\RegistroSQLLITE.csproj", "{EA89A5E2-1D50-4D1E-A6D1-C8BDC995AD18}"
EndProject
Global
	GlobalSection(SolutionConfigurationPlatforms) = preSolution
		Debug|Any CPU = Debug|Any CPU
		Release|Any CPU = Release|Any CPU
	EndGlobalSection
	GlobalSection(ProjectConfigurationPlatforms) = postSolution
		{EA89A5E2-1D50-4D1E-A6D1-C8BDC995AD18}.Debug|Any CPU.ActiveCfg = Debug|Any CPU
		{EA89A5E2-1D50-4D1E-A6D1-C8BDC995AD18}.Debug|Any CPU.Build.0 = Debug|Any CPU
		{EA89A5E2-1D50-4D1E-A6D1-C8BDC995AD18}.Release|Any CPU.ActiveCfg = Release|Any CPU
		{EA89A5E2-1D50-4D1E-A6D1-C8BDC995AD18}.Release|Any CPU.Build.0 = Release|Any CPU
	EndGlobalSection
	GlobalSection(SolutionProperties) = preSolution
		HideSolutionNode = FALSE
	EndGlobalSection
	GlobalSection(ExtensibilityGlobals) = postSolution
		SolutionGuid = {9A2B17D2-2F47-4CF7-9428-37D9A53C4FF1}
	EndGlobalSection
EndGlobal
